
Microsoft Visual Studio Solution File, Format Version 12.00
# Visual Studio Version 16
VisualStudioVersion = 16.0.31025.194
MinimumVisualStudioVersion = 10.0.40219.1
Project("{FAE04EC0-301F-11D3-BF4B-00C04F79EFBC}") = "FeedForwardNetExperiment", "FeedForwardNetExperiment.csproj", "{CC02DE3E-24DD-45E2-9698-E5F6D364E004}"
EndProject
Global
	GlobalSection(SolutionConfigurationPlatforms) = preSolution
		Debug|Any CPU = Debug|Any CPU
		Release|Any CPU = Release|Any CPU
	EndGlobalSection
	GlobalSection(ProjectConfigurationPlatforms) = postSolution
		{CC02DE3E-24DD-45E2-9698-E5F6D364E004}.Debug|Any CPU.ActiveCfg = Debug|Any CPU
		{CC02DE3E-24DD-45E2-9698-E5F6D364E004}.Debug|Any CPU.Build.0 = Debug|Any CPU
		{CC02DE3E-24DD-45E2-9698-E5F6D364E004}.Release|Any CPU.ActiveCfg = Release|Any CPU
		{CC02DE3E-24DD-45E2-9698-E5F6D364E004}.Release|Any CPU.Build.0 = Release|Any CPU
	EndGlobalSection
	GlobalSection(SolutionProperties) = preSolution
		HideSolutionNode = FALSE
	EndGlobalSection
	GlobalSection(ExtensibilityGlobals) = postSolution
		SolutionGuid = {41C4A643-F32F-4863-A01E-C8F630938E8E}
	EndGlobalSection
EndGlobal
