
Microsoft Visual Studio Solution File, Format Version 12.00
# Visual Studio Version 16
VisualStudioVersion = 16.0.29009.5
MinimumVisualStudioVersion = 10.0.40219.1
Project("{9A19103F-16F7-4668-BE54-9A1E7A4F7556}") = "NeoCortexApi", "NeoCortexApi\NeoCortexApi.csproj", "{F5BEDB25-C6A3-4826-A8C6-679098F5CB9C}"
EndProject
Project("{9A19103F-16F7-4668-BE54-9A1E7A4F7556}") = "UnitTestsProject", "UnitTestsProject\UnitTestsProject.csproj", "{A2B0776F-3650-4CE5-98BC-E2B7A2205A23}"
EndProject
Project("{9A19103F-16F7-4668-BE54-9A1E7A4F7556}") = "DistributedComputeLib", "DistributedComputeLib\DistributedComputeLib.csproj", "{7F75D4D0-408B-4FFE-A450-1D7F647542B5}"
EndProject
Project("{9A19103F-16F7-4668-BE54-9A1E7A4F7556}") = "NeoCortexUtils", "NeoCortexUtils\NeoCortexUtils.csproj", "{28395BF8-B719-4D93-806B-723A7AF0C56A}"
EndProject
Project("{2150E333-8FDC-42A3-9474-1A3956D46DE8}") = "HtmHosts", "HtmHosts", "{7E0EE186-7A75-4A97-9E16-A6B4E1853915}"
EndProject
Project("{9A19103F-16F7-4668-BE54-9A1E7A4F7556}") = "HtmAkkaHost", "HtmAkkaHost\HtmAkkaHost.csproj", "{A56DD089-679E-479B-BD00-955AA4CDF569}"
EndProject
Project("{2150E333-8FDC-42A3-9474-1A3956D46DE8}") = "Solution Items", "Solution Items", "{23838D99-F23D-47B6-BC70-92FA0A34FF1C}"
	ProjectSection(SolutionItems) = preProject
		nuget-vsonline.config = nuget-vsonline.config
		nuget.config = nuget.config
	EndProjectSection
EndProject
Project("{2150E333-8FDC-42A3-9474-1A3956D46DE8}") = "nuget", "nuget", "{7D17894D-95EC-4D16-B6C5-4A6CBBE07E2F}"
	ProjectSection(SolutionItems) = preProject
		nuget\AkkaHostLib.1.0.1.nupkg = nuget\AkkaHostLib.1.0.1.nupkg
		..\..\..\..\temp\TestPackages\ImageBinarizer.1.0.0.nupkg = ..\..\..\..\temp\TestPackages\ImageBinarizer.1.0.0.nupkg
		nuget\LearningApi.1.3.1.nupkg = nuget\LearningApi.1.3.1.nupkg
		nuget\NeuralNet.MLPerceptron.1.2.2.nupkg = nuget\NeuralNet.MLPerceptron.1.2.2.nupkg
		nuget\NeuralNetworks.Core.1.2.1.nupkg = nuget\NeuralNetworks.Core.1.2.1.nupkg
	EndProjectSection
EndProject
Project("{9A19103F-16F7-4668-BE54-9A1E7A4F7556}") = "NeoCortexArrayLib", "NeoCortexArrayLib\NeoCortexArrayLib.csproj", "{A7F4E797-E60F-470E-96F6-B9ECD3A67451}"
EndProject
Project("{9A19103F-16F7-4668-BE54-9A1E7A4F7556}") = "NeoCortexEntities", "NeoCortexEntities\NeoCortexEntities.csproj", "{F2693439-77AF-420C-B42F-9FD5BBEC5482}"
EndProject
Project("{9A19103F-16F7-4668-BE54-9A1E7A4F7556}") = "AkkaSb.Net", "AkkaSb.Net\AkkaSb.Net.csproj", "{A3B8131A-DA87-44BB-A0A4-BD683383E984}"
EndProject
Project("{9A19103F-16F7-4668-BE54-9A1E7A4F7556}") = "WebSocketNeuroVisualizer", "WebSocketNeuroVisualizer\WebSocketNeuroVisualizer.csproj", "{414D1FFF-BA4B-49B0-B7B1-4AEDB2F7689D}"
EndProject
Global
	GlobalSection(SolutionConfigurationPlatforms) = preSolution
		Debug|Any CPU = Debug|Any CPU
		Release|Any CPU = Release|Any CPU
	EndGlobalSection
	GlobalSection(ProjectConfigurationPlatforms) = postSolution
		{F5BEDB25-C6A3-4826-A8C6-679098F5CB9C}.Debug|Any CPU.ActiveCfg = Debug|Any CPU
		{F5BEDB25-C6A3-4826-A8C6-679098F5CB9C}.Debug|Any CPU.Build.0 = Debug|Any CPU
		{F5BEDB25-C6A3-4826-A8C6-679098F5CB9C}.Release|Any CPU.ActiveCfg = Release|Any CPU
		{F5BEDB25-C6A3-4826-A8C6-679098F5CB9C}.Release|Any CPU.Build.0 = Release|Any CPU
		{A2B0776F-3650-4CE5-98BC-E2B7A2205A23}.Debug|Any CPU.ActiveCfg = Debug|Any CPU
		{A2B0776F-3650-4CE5-98BC-E2B7A2205A23}.Debug|Any CPU.Build.0 = Debug|Any CPU
		{A2B0776F-3650-4CE5-98BC-E2B7A2205A23}.Release|Any CPU.ActiveCfg = Release|Any CPU
		{A2B0776F-3650-4CE5-98BC-E2B7A2205A23}.Release|Any CPU.Build.0 = Release|Any CPU
		{7F75D4D0-408B-4FFE-A450-1D7F647542B5}.Debug|Any CPU.ActiveCfg = Debug|Any CPU
		{7F75D4D0-408B-4FFE-A450-1D7F647542B5}.Debug|Any CPU.Build.0 = Debug|Any CPU
		{7F75D4D0-408B-4FFE-A450-1D7F647542B5}.Release|Any CPU.ActiveCfg = Release|Any CPU
		{7F75D4D0-408B-4FFE-A450-1D7F647542B5}.Release|Any CPU.Build.0 = Release|Any CPU
		{28395BF8-B719-4D93-806B-723A7AF0C56A}.Debug|Any CPU.ActiveCfg = Debug|Any CPU
		{28395BF8-B719-4D93-806B-723A7AF0C56A}.Debug|Any CPU.Build.0 = Debug|Any CPU
		{28395BF8-B719-4D93-806B-723A7AF0C56A}.Release|Any CPU.ActiveCfg = Release|Any CPU
		{28395BF8-B719-4D93-806B-723A7AF0C56A}.Release|Any CPU.Build.0 = Release|Any CPU
		{A56DD089-679E-479B-BD00-955AA4CDF569}.Debug|Any CPU.ActiveCfg = Debug|Any CPU
		{A56DD089-679E-479B-BD00-955AA4CDF569}.Debug|Any CPU.Build.0 = Debug|Any CPU
		{A56DD089-679E-479B-BD00-955AA4CDF569}.Release|Any CPU.ActiveCfg = Release|Any CPU
		{A56DD089-679E-479B-BD00-955AA4CDF569}.Release|Any CPU.Build.0 = Release|Any CPU
		{A7F4E797-E60F-470E-96F6-B9ECD3A67451}.Debug|Any CPU.ActiveCfg = Debug|Any CPU
		{A7F4E797-E60F-470E-96F6-B9ECD3A67451}.Debug|Any CPU.Build.0 = Debug|Any CPU
		{A7F4E797-E60F-470E-96F6-B9ECD3A67451}.Release|Any CPU.ActiveCfg = Release|Any CPU
		{A7F4E797-E60F-470E-96F6-B9ECD3A67451}.Release|Any CPU.Build.0 = Release|Any CPU
		{F2693439-77AF-420C-B42F-9FD5BBEC5482}.Debug|Any CPU.ActiveCfg = Debug|Any CPU
		{F2693439-77AF-420C-B42F-9FD5BBEC5482}.Debug|Any CPU.Build.0 = Debug|Any CPU
		{F2693439-77AF-420C-B42F-9FD5BBEC5482}.Release|Any CPU.ActiveCfg = Release|Any CPU
		{F2693439-77AF-420C-B42F-9FD5BBEC5482}.Release|Any CPU.Build.0 = Release|Any CPU
		{A3B8131A-DA87-44BB-A0A4-BD683383E984}.Debug|Any CPU.ActiveCfg = Debug|Any CPU
		{A3B8131A-DA87-44BB-A0A4-BD683383E984}.Debug|Any CPU.Build.0 = Debug|Any CPU
		{A3B8131A-DA87-44BB-A0A4-BD683383E984}.Release|Any CPU.ActiveCfg = Release|Any CPU
		{A3B8131A-DA87-44BB-A0A4-BD683383E984}.Release|Any CPU.Build.0 = Release|Any CPU
		{414D1FFF-BA4B-49B0-B7B1-4AEDB2F7689D}.Debug|Any CPU.ActiveCfg = Debug|Any CPU
		{414D1FFF-BA4B-49B0-B7B1-4AEDB2F7689D}.Debug|Any CPU.Build.0 = Debug|Any CPU
		{414D1FFF-BA4B-49B0-B7B1-4AEDB2F7689D}.Release|Any CPU.ActiveCfg = Release|Any CPU
		{414D1FFF-BA4B-49B0-B7B1-4AEDB2F7689D}.Release|Any CPU.Build.0 = Release|Any CPU
	EndGlobalSection
	GlobalSection(SolutionProperties) = preSolution
		HideSolutionNode = FALSE
	EndGlobalSection
	GlobalSection(NestedProjects) = preSolution
		{A56DD089-679E-479B-BD00-955AA4CDF569} = {7E0EE186-7A75-4A97-9E16-A6B4E1853915}
	EndGlobalSection
	GlobalSection(ExtensibilityGlobals) = postSolution
		SolutionGuid = {71185BAD-1342-4836-BCDA-6EC97118F92D}
	EndGlobalSection
EndGlobal
