
Microsoft Visual Studio Solution File, Format Version 12.00
# Visual Studio 15
VisualStudioVersion = 15.0.28307.645
MinimumVisualStudioVersion = 10.0.40219.1
Project("{9A19103F-16F7-4668-BE54-9A1E7A4F7556}") = "HtmViewer", "HtmViewer\HtmViewer.csproj", "{A58CABCA-830A-4402-82C6-5BA2D5BF2AFC}"
EndProject
Global
	GlobalSection(SolutionConfigurationPlatforms) = preSolution
		Debug|Any CPU = Debug|Any CPU
		Release|Any CPU = Release|Any CPU
	EndGlobalSection
	GlobalSection(ProjectConfigurationPlatforms) = postSolution
		{A58CABCA-830A-4402-82C6-5BA2D5BF2AFC}.Debug|Any CPU.ActiveCfg = Debug|Any CPU
		{A58CABCA-830A-4402-82C6-5BA2D5BF2AFC}.Debug|Any CPU.Build.0 = Debug|Any CPU
		{A58CABCA-830A-4402-82C6-5BA2D5BF2AFC}.Release|Any CPU.ActiveCfg = Release|Any CPU
		{A58CABCA-830A-4402-82C6-5BA2D5BF2AFC}.Release|Any CPU.Build.0 = Release|Any CPU
	EndGlobalSection
	GlobalSection(SolutionProperties) = preSolution
		HideSolutionNode = FALSE
	EndGlobalSection
	GlobalSection(ExtensibilityGlobals) = postSolution
		SolutionGuid = {5BDDC9D1-F77E-4D2C-BCD8-E6FC6C82E63D}
	EndGlobalSection
EndGlobal
