
Microsoft Visual Studio Solution File, Format Version 12.00
# Visual Studio Version 17
VisualStudioVersion = 17.12.35506.116
MinimumVisualStudioVersion = 10.0.40219.1
Project("{FAE04EC0-301F-11D3-BF4B-00C04F79EFBC}") = "AnomalyDetectionTeamSynergy", "AnomalyDetectionTeamSynergy.csproj", "{3499ED89-E0E0-4DA1-8417-410D8E9F7A55}"
EndProject
Project("{2150E333-8FDC-42A3-9474-1A3956D46DE8}") = "Solution Items", "Solution Items", "{621E1D35-EC22-4603-BBB2-D7C8F88F1905}"
	ProjectSection(SolutionItems) = preProject
		MultiSequenceLearning.cs = MultiSequenceLearning.cs
	EndProjectSection
EndProject
Global
	GlobalSection(SolutionConfigurationPlatforms) = preSolution
		Debug|Any CPU = Debug|Any CPU
		Release|Any CPU = Release|Any CPU
	EndGlobalSection
	GlobalSection(ProjectConfigurationPlatforms) = postSolution
		{3499ED89-E0E0-4DA1-8417-410D8E9F7A55}.Debug|Any CPU.ActiveCfg = Debug|Any CPU
		{3499ED89-E0E0-4DA1-8417-410D8E9F7A55}.Debug|Any CPU.Build.0 = Debug|Any CPU
		{3499ED89-E0E0-4DA1-8417-410D8E9F7A55}.Release|Any CPU.ActiveCfg = Release|Any CPU
		{3499ED89-E0E0-4DA1-8417-410D8E9F7A55}.Release|Any CPU.Build.0 = Release|Any CPU
	EndGlobalSection
	GlobalSection(SolutionProperties) = preSolution
		HideSolutionNode = FALSE
	EndGlobalSection
EndGlobal
