
Microsoft Visual Studio Solution File, Format Version 12.00
# Visual Studio Version 17
VisualStudioVersion = 17.0.32112.339
MinimumVisualStudioVersion = 10.0.40219.1
Project("{9A19103F-16F7-4668-BE54-9A1E7A4F7556}") = "HtmImageEncoder", "HTMImageEncoder\HtmImageEncoder.csproj", "{50DCA0B8-0365-4332-9A66-8804983BF292}"
EndProject
Global
	GlobalSection(SolutionConfigurationPlatforms) = preSolution
		Debug|Any CPU = Debug|Any CPU
		Release|Any CPU = Release|Any CPU
	EndGlobalSection
	GlobalSection(ProjectConfigurationPlatforms) = postSolution
		{50DCA0B8-0365-4332-9A66-8804983BF292}.Debug|Any CPU.ActiveCfg = Debug|Any CPU
		{50DCA0B8-0365-4332-9A66-8804983BF292}.Debug|Any CPU.Build.0 = Debug|Any CPU
		{50DCA0B8-0365-4332-9A66-8804983BF292}.Release|Any CPU.ActiveCfg = Release|Any CPU
		{50DCA0B8-0365-4332-9A66-8804983BF292}.Release|Any CPU.Build.0 = Release|Any CPU
	EndGlobalSection
	GlobalSection(SolutionProperties) = preSolution
		HideSolutionNode = FALSE
	EndGlobalSection
	GlobalSection(ExtensibilityGlobals) = postSolution
		SolutionGuid = {EF9B3A7D-3132-416B-9F2B-0EFDC082F264}
	EndGlobalSection
EndGlobal
