
Microsoft Visual Studio Solution File, Format Version 12.00
# Visual Studio Version 17
VisualStudioVersion = 17.8.34511.84
MinimumVisualStudioVersion = 10.0.40219.1
Project("{FAE04EC0-301F-11D3-BF4B-00C04F79EFBC}") = "Working_With_SDRs-Bitmaps", "Working_With_SDRs-Bitmaps.csproj", "{EC6B843F-3BB2-4F30-B642-91568E0EC68F}"
EndProject
Global
	GlobalSection(SolutionConfigurationPlatforms) = preSolution
		Debug|Any CPU = Debug|Any CPU
		Release|Any CPU = Release|Any CPU
	EndGlobalSection
	GlobalSection(ProjectConfigurationPlatforms) = postSolution
		{EC6B843F-3BB2-4F30-B642-91568E0EC68F}.Debug|Any CPU.ActiveCfg = Debug|Any CPU
		{EC6B843F-3BB2-4F30-B642-91568E0EC68F}.Debug|Any CPU.Build.0 = Debug|Any CPU
		{EC6B843F-3BB2-4F30-B642-91568E0EC68F}.Release|Any CPU.ActiveCfg = Release|Any CPU
		{EC6B843F-3BB2-4F30-B642-91568E0EC68F}.Release|Any CPU.Build.0 = Release|Any CPU
	EndGlobalSection
	GlobalSection(SolutionProperties) = preSolution
		HideSolutionNode = FALSE
	EndGlobalSection
	GlobalSection(ExtensibilityGlobals) = postSolution
		SolutionGuid = {04BB94C3-438B-4B1F-AB63-4CEF0B9385FF}
	EndGlobalSection
EndGlobal
