
Microsoft Visual Studio Solution File, Format Version 12.00
# Visual Studio Version 17
VisualStudioVersion = 17.9.34616.47
MinimumVisualStudioVersion = 10.0.40219.1
Project("{9A19103F-16F7-4668-BE54-9A1E7A4F7556}") = "Enhance MultiSequenceLearning", "Enhance MultiSequenceLearning.csproj", "{F386C817-104D-483D-81E1-37FCE241B563}"
EndProject
Project("{9A19103F-16F7-4668-BE54-9A1E7A4F7556}") = "NeoCortexApi", "D:\MS Information Technology\Software Engineering\Project Repo\neocortexapi-zubair\source\NeoCortexApi\NeoCortexApi.csproj", "{F84313EF-F42B-4C27-B3BB-F379D661A948}"
EndProject
Project("{9A19103F-16F7-4668-BE54-9A1E7A4F7556}") = "NeoCortexArrayLib", "D:\MS Information Technology\Software Engineering\Project Repo\neocortexapi-zubair\source\NeoCortexArrayLib\NeoCortexArrayLib.csproj", "{D4D183ED-FDD3-4A40-ADFF-983B79DD9B77}"
EndProject
Project("{9A19103F-16F7-4668-BE54-9A1E7A4F7556}") = "NeoCortexEntities", "D:\MS Information Technology\Software Engineering\Project Repo\neocortexapi-zubair\source\NeoCortexEntities\NeoCortexEntities.csproj", "{197EFD36-B5FF-47FE-B86E-7D843EBA3AC7}"
EndProject
Project("{9A19103F-16F7-4668-BE54-9A1E7A4F7556}") = "NeoCortexUtils", "D:\MS Information Technology\Software Engineering\Project Repo\neocortexapi-zubair\source\NeoCortexUtils\NeoCortexUtils.csproj", "{26E9BCB0-ABE0-48D3-A7AF-A78FD101CCFC}"
EndProject
Global
	GlobalSection(SolutionConfigurationPlatforms) = preSolution
		Debug|Any CPU = Debug|Any CPU
		Release|Any CPU = Release|Any CPU
	EndGlobalSection
	GlobalSection(ProjectConfigurationPlatforms) = postSolution
		{F386C817-104D-483D-81E1-37FCE241B563}.Debug|Any CPU.ActiveCfg = Debug|Any CPU
		{F386C817-104D-483D-81E1-37FCE241B563}.Debug|Any CPU.Build.0 = Debug|Any CPU
		{F386C817-104D-483D-81E1-37FCE241B563}.Release|Any CPU.ActiveCfg = Release|Any CPU
		{F386C817-104D-483D-81E1-37FCE241B563}.Release|Any CPU.Build.0 = Release|Any CPU
		{F84313EF-F42B-4C27-B3BB-F379D661A948}.Debug|Any CPU.ActiveCfg = Debug|Any CPU
		{F84313EF-F42B-4C27-B3BB-F379D661A948}.Debug|Any CPU.Build.0 = Debug|Any CPU
		{F84313EF-F42B-4C27-B3BB-F379D661A948}.Release|Any CPU.ActiveCfg = Release|Any CPU
		{F84313EF-F42B-4C27-B3BB-F379D661A948}.Release|Any CPU.Build.0 = Release|Any CPU
		{D4D183ED-FDD3-4A40-ADFF-983B79DD9B77}.Debug|Any CPU.ActiveCfg = Debug|Any CPU
		{D4D183ED-FDD3-4A40-ADFF-983B79DD9B77}.Debug|Any CPU.Build.0 = Debug|Any CPU
		{D4D183ED-FDD3-4A40-ADFF-983B79DD9B77}.Release|Any CPU.ActiveCfg = Release|Any CPU
		{D4D183ED-FDD3-4A40-ADFF-983B79DD9B77}.Release|Any CPU.Build.0 = Release|Any CPU
		{197EFD36-B5FF-47FE-B86E-7D843EBA3AC7}.Debug|Any CPU.ActiveCfg = Debug|Any CPU
		{197EFD36-B5FF-47FE-B86E-7D843EBA3AC7}.Debug|Any CPU.Build.0 = Debug|Any CPU
		{197EFD36-B5FF-47FE-B86E-7D843EBA3AC7}.Release|Any CPU.ActiveCfg = Release|Any CPU
		{197EFD36-B5FF-47FE-B86E-7D843EBA3AC7}.Release|Any CPU.Build.0 = Release|Any CPU
		{26E9BCB0-ABE0-48D3-A7AF-A78FD101CCFC}.Debug|Any CPU.ActiveCfg = Debug|Any CPU
		{26E9BCB0-ABE0-48D3-A7AF-A78FD101CCFC}.Debug|Any CPU.Build.0 = Debug|Any CPU
		{26E9BCB0-ABE0-48D3-A7AF-A78FD101CCFC}.Release|Any CPU.ActiveCfg = Release|Any CPU
		{26E9BCB0-ABE0-48D3-A7AF-A78FD101CCFC}.Release|Any CPU.Build.0 = Release|Any CPU
	EndGlobalSection
	GlobalSection(SolutionProperties) = preSolution
		HideSolutionNode = FALSE
	EndGlobalSection
	GlobalSection(ExtensibilityGlobals) = postSolution
		SolutionGuid = {BCECF2D6-6DBC-44E9-A673-FC7D2F194A6E}
	EndGlobalSection
EndGlobal
