
Microsoft Visual Studio Solution File, Format Version 12.00
# Visual Studio Version 17
VisualStudioVersion = 17.3.32929.385
MinimumVisualStudioVersion = 10.0.40219.1
Project("{FAE04EC0-301F-11D3-BF4B-00C04F79EFBC}") = "KNN_Classifier", "KNN_Classifier.csproj", "{7DF881E6-FFF9-46C1-94F5-97B35320748D}"
EndProject
Global
	GlobalSection(SolutionConfigurationPlatforms) = preSolution
		Debug|Any CPU = Debug|Any CPU
		Release|Any CPU = Release|Any CPU
	EndGlobalSection
	GlobalSection(ProjectConfigurationPlatforms) = postSolution
		{7DF881E6-FFF9-46C1-94F5-97B35320748D}.Debug|Any CPU.ActiveCfg = Debug|Any CPU
		{7DF881E6-FFF9-46C1-94F5-97B35320748D}.Debug|Any CPU.Build.0 = Debug|Any CPU
		{7DF881E6-FFF9-46C1-94F5-97B35320748D}.Release|Any CPU.ActiveCfg = Release|Any CPU
		{7DF881E6-FFF9-46C1-94F5-97B35320748D}.Release|Any CPU.Build.0 = Release|Any CPU
	EndGlobalSection
	GlobalSection(SolutionProperties) = preSolution
		HideSolutionNode = FALSE
	EndGlobalSection
	GlobalSection(ExtensibilityGlobals) = postSolution
		SolutionGuid = {F03BFBDE-3FA9-4588-9130-F9A94E9DD2E7}
	EndGlobalSection
EndGlobal
