
Microsoft Visual Studio Solution File, Format Version 12.00
# Visual Studio Version 17
VisualStudioVersion = 17.4.33205.214
MinimumVisualStudioVersion = 10.0.40219.1
Project("{FAE04EC0-301F-11D3-BF4B-00C04F79EFBC}") = "ConsoleApp1", "ConsoleApp1\ConsoleApp1.csproj", "{E442B454-501F-406E-91D4-93B48ACAA5BF}"
EndProject
Global
	GlobalSection(SolutionConfigurationPlatforms) = preSolution
		Debug|Any CPU = Debug|Any CPU
		Release|Any CPU = Release|Any CPU
	EndGlobalSection
	GlobalSection(ProjectConfigurationPlatforms) = postSolution
		{E442B454-501F-406E-91D4-93B48ACAA5BF}.Debug|Any CPU.ActiveCfg = Debug|Any CPU
		{E442B454-501F-406E-91D4-93B48ACAA5BF}.Debug|Any CPU.Build.0 = Debug|Any CPU
		{E442B454-501F-406E-91D4-93B48ACAA5BF}.Release|Any CPU.ActiveCfg = Release|Any CPU
		{E442B454-501F-406E-91D4-93B48ACAA5BF}.Release|Any CPU.Build.0 = Release|Any CPU
	EndGlobalSection
	GlobalSection(SolutionProperties) = preSolution
		HideSolutionNode = FALSE
	EndGlobalSection
	GlobalSection(ExtensibilityGlobals) = postSolution
		SolutionGuid = {7BA19E0C-31BA-4754-A66F-3214AB41C7A8}
	EndGlobalSection
EndGlobal
