
Microsoft Visual Studio Solution File, Format Version 12.00
# Visual Studio Version 17
VisualStudioVersion = 17.8.34302.71
MinimumVisualStudioVersion = 10.0.40219.1
Project("{FAE04EC0-301F-11D3-BF4B-00C04F79EFBC}") = "Approve Prediction of Multisequence Learning", "Approve Prediction of Multisequence Learning.csproj", "{E652CDF4-42EB-4361-B9E4-58F68211AB22}"
EndProject
Global
	GlobalSection(SolutionConfigurationPlatforms) = preSolution
		Debug|Any CPU = Debug|Any CPU
		Release|Any CPU = Release|Any CPU
	EndGlobalSection
	GlobalSection(ProjectConfigurationPlatforms) = postSolution
		{E652CDF4-42EB-4361-B9E4-58F68211AB22}.Debug|Any CPU.ActiveCfg = Debug|Any CPU
		{E652CDF4-42EB-4361-B9E4-58F68211AB22}.Debug|Any CPU.Build.0 = Debug|Any CPU
		{E652CDF4-42EB-4361-B9E4-58F68211AB22}.Release|Any CPU.ActiveCfg = Release|Any CPU
		{E652CDF4-42EB-4361-B9E4-58F68211AB22}.Release|Any CPU.Build.0 = Release|Any CPU
	EndGlobalSection
	GlobalSection(SolutionProperties) = preSolution
		HideSolutionNode = FALSE
	EndGlobalSection
	GlobalSection(ExtensibilityGlobals) = postSolution
		SolutionGuid = {3BE89514-0173-4A49-8DC8-3C070BA87BD7}
	EndGlobalSection
EndGlobal
