
Microsoft Visual Studio Solution File, Format Version 12.00
# Visual Studio Version 17
VisualStudioVersion = 17.12.35514.174 d17.12
MinimumVisualStudioVersion = 10.0.40219.1
Project("{FAE04EC0-301F-11D3-BF4B-00C04F79EFBC}") = "ProjectNeoCortexAPI", "ProjectNeoCortexAPI\ProjectNeoCortexAPI.csproj", "{7F1AEAC4-9FDF-412A-8794-D32A54C5799C}"
EndProject
Global
	GlobalSection(SolutionConfigurationPlatforms) = preSolution
		Debug|Any CPU = Debug|Any CPU
		Release|Any CPU = Release|Any CPU
	EndGlobalSection
	GlobalSection(ProjectConfigurationPlatforms) = postSolution
		{7F1AEAC4-9FDF-412A-8794-D32A54C5799C}.Debug|Any CPU.ActiveCfg = Debug|Any CPU
		{7F1AEAC4-9FDF-412A-8794-D32A54C5799C}.Debug|Any CPU.Build.0 = Debug|Any CPU
		{7F1AEAC4-9FDF-412A-8794-D32A54C5799C}.Release|Any CPU.ActiveCfg = Release|Any CPU
		{7F1AEAC4-9FDF-412A-8794-D32A54C5799C}.Release|Any CPU.Build.0 = Release|Any CPU
	EndGlobalSection
	GlobalSection(SolutionProperties) = preSolution
		HideSolutionNode = FALSE
	EndGlobalSection
EndGlobal
