
Microsoft Visual Studio Solution File, Format Version 12.00
# Visual Studio 15
Project("{FAE04EC0-301F-11D3-BF4B-00C04F79EFBC}") = "NeoCortexApi", "NeoCortexApi.csproj", "{001117F4-37CD-40FE-A6D9-42F1075F05DC}"
EndProject
Global
	GlobalSection(SolutionConfigurationPlatforms) = preSolution
		Debug|Any CPU = Debug|Any CPU
		Release|Any CPU = Release|Any CPU
	EndGlobalSection
	GlobalSection(ProjectConfigurationPlatforms) = postSolution
		{001117F4-37CD-40FE-A6D9-42F1075F05DC}.Debug|Any CPU.ActiveCfg = Debug|Any CPU
		{001117F4-37CD-40FE-A6D9-42F1075F05DC}.Debug|Any CPU.Build.0 = Debug|Any CPU
		{001117F4-37CD-40FE-A6D9-42F1075F05DC}.Release|Any CPU.ActiveCfg = Release|Any CPU
		{001117F4-37CD-40FE-A6D9-42F1075F05DC}.Release|Any CPU.Build.0 = Release|Any CPU
	EndGlobalSection
EndGlobal
