
Microsoft Visual Studio Solution File, Format Version 12.00
# Visual Studio Version 17
VisualStudioVersion = 17.8.34309.116
MinimumVisualStudioVersion = 10.0.40219.1
Project("{9A19103F-16F7-4668-BE54-9A1E7A4F7556}") = "AnomalyDetection", "AnomalyDetection.csproj", "{769F26AF-B496-4646-89D6-697A2E3E8A0E}"
EndProject
Global
	GlobalSection(SolutionConfigurationPlatforms) = preSolution
		Debug|Any CPU = Debug|Any CPU
		Release|Any CPU = Release|Any CPU
	EndGlobalSection
	GlobalSection(ProjectConfigurationPlatforms) = postSolution
		{769F26AF-B496-4646-89D6-697A2E3E8A0E}.Debug|Any CPU.ActiveCfg = Debug|Any CPU
		{769F26AF-B496-4646-89D6-697A2E3E8A0E}.Debug|Any CPU.Build.0 = Debug|Any CPU
		{769F26AF-B496-4646-89D6-697A2E3E8A0E}.Release|Any CPU.ActiveCfg = Release|Any CPU
		{769F26AF-B496-4646-89D6-697A2E3E8A0E}.Release|Any CPU.Build.0 = Release|Any CPU
	EndGlobalSection
	GlobalSection(SolutionProperties) = preSolution
		HideSolutionNode = FALSE
	EndGlobalSection
	GlobalSection(ExtensibilityGlobals) = postSolution
		SolutionGuid = {4D01B865-F3AF-43C5-9A66-4F16B609C003}
	EndGlobalSection
EndGlobal
