
Microsoft Visual Studio Solution File, Format Version 12.00
# Visual Studio Version 17
VisualStudioVersion = 17.8.34309.116
MinimumVisualStudioVersion = 10.0.40219.1
Project("{FAE04EC0-301F-11D3-BF4B-00C04F79EFBC}") = "AnomalyDetection", "AnomalyDetection\AnomalyDetection.csproj", "{EBDAA1CF-B2EF-49CA-8B5A-EC545AC83113}"
EndProject
Global
	GlobalSection(SolutionConfigurationPlatforms) = preSolution
		Debug|Any CPU = Debug|Any CPU
		Release|Any CPU = Release|Any CPU
	EndGlobalSection
	GlobalSection(ProjectConfigurationPlatforms) = postSolution
		{EBDAA1CF-B2EF-49CA-8B5A-EC545AC83113}.Debug|Any CPU.ActiveCfg = Debug|Any CPU
		{EBDAA1CF-B2EF-49CA-8B5A-EC545AC83113}.Debug|Any CPU.Build.0 = Debug|Any CPU
		{EBDAA1CF-B2EF-49CA-8B5A-EC545AC83113}.Release|Any CPU.ActiveCfg = Release|Any CPU
		{EBDAA1CF-B2EF-49CA-8B5A-EC545AC83113}.Release|Any CPU.Build.0 = Release|Any CPU
	EndGlobalSection
	GlobalSection(SolutionProperties) = preSolution
		HideSolutionNode = FALSE
	EndGlobalSection
	GlobalSection(ExtensibilityGlobals) = postSolution
		SolutionGuid = {CD55E264-47F9-4A12-96AE-A531D27137A7}
	EndGlobalSection
EndGlobal
