
Microsoft Visual Studio Solution File, Format Version 12.00
# Visual Studio Version 17
VisualStudioVersion = 17.0.32112.339
MinimumVisualStudioVersion = 10.0.40219.1
Project("{9A19103F-16F7-4668-BE54-9A1E7A4F7556}") = "ImageEncoderTest", "UnitTestsProject\ImageEncoderTest\ImageEncoderTest.csproj", "{7E0810FD-7252-43E4-95F3-B8C14C228F73}"
EndProject
Project("{9A19103F-16F7-4668-BE54-9A1E7A4F7556}") = "HtmImageEncoder", "ImageEncoder\HtmImageEncoder.csproj", "{890B81D5-9778-413D-BB12-5DF09BB93BB6}"
EndProject
Global
	GlobalSection(SolutionConfigurationPlatforms) = preSolution
		Debug|Any CPU = Debug|Any CPU
		Release|Any CPU = Release|Any CPU
	EndGlobalSection
	GlobalSection(ProjectConfigurationPlatforms) = postSolution
		{7E0810FD-7252-43E4-95F3-B8C14C228F73}.Debug|Any CPU.ActiveCfg = Debug|Any CPU
		{7E0810FD-7252-43E4-95F3-B8C14C228F73}.Debug|Any CPU.Build.0 = Debug|Any CPU
		{7E0810FD-7252-43E4-95F3-B8C14C228F73}.Release|Any CPU.ActiveCfg = Release|Any CPU
		{7E0810FD-7252-43E4-95F3-B8C14C228F73}.Release|Any CPU.Build.0 = Release|Any CPU
		{890B81D5-9778-413D-BB12-5DF09BB93BB6}.Debug|Any CPU.ActiveCfg = Debug|Any CPU
		{890B81D5-9778-413D-BB12-5DF09BB93BB6}.Debug|Any CPU.Build.0 = Debug|Any CPU
		{890B81D5-9778-413D-BB12-5DF09BB93BB6}.Release|Any CPU.ActiveCfg = Release|Any CPU
		{890B81D5-9778-413D-BB12-5DF09BB93BB6}.Release|Any CPU.Build.0 = Release|Any CPU
	EndGlobalSection
	GlobalSection(SolutionProperties) = preSolution
		HideSolutionNode = FALSE
	EndGlobalSection
	GlobalSection(ExtensibilityGlobals) = postSolution
		SolutionGuid = {4833E66F-FBD8-4818-8323-E8BFACC29355}
	EndGlobalSection
EndGlobal
