
Microsoft Visual Studio Solution File, Format Version 12.00
# Visual Studio Version 17
VisualStudioVersion = 17.0.32014.148
MinimumVisualStudioVersion = 10.0.40219.1
Project("{9A19103F-16F7-4668-BE54-9A1E7A4F7556}") = "NeoCortexApi", "NeoCortexApi\NeoCortexApi.csproj", "{F5BEDB25-C6A3-4826-A8C6-679098F5CB9C}"
EndProject
Project("{9A19103F-16F7-4668-BE54-9A1E7A4F7556}") = "UnitTestsProject", "UnitTestsProject\UnitTestsProject.csproj", "{A2B0776F-3650-4CE5-98BC-E2B7A2205A23}"
EndProject
Project("{9A19103F-16F7-4668-BE54-9A1E7A4F7556}") = "NeoCortexUtils", "NeoCortexUtils\NeoCortexUtils.csproj", "{28395BF8-B719-4D93-806B-723A7AF0C56A}"
EndProject
Project("{2150E333-8FDC-42A3-9474-1A3956D46DE8}") = "Solution Items", "Solution Items", "{23838D99-F23D-47B6-BC70-92FA0A34FF1C}"
	ProjectSection(SolutionItems) = preProject
		nuget-vsonline.config = nuget-vsonline.config
		nuget.config = nuget.config
	EndProjectSection
EndProject
Project("{2150E333-8FDC-42A3-9474-1A3956D46DE8}") = "nuget", "nuget", "{7D17894D-95EC-4D16-B6C5-4A6CBBE07E2F}"
	ProjectSection(SolutionItems) = preProject
		nuget\DotNetActors.1.0.3.nupkg = nuget\DotNetActors.1.0.3.nupkg
		nuget\imagebinarizer.1.0.0.nupkg = nuget\imagebinarizer.1.0.0.nupkg
		nuget\LearningApi.1.3.1.nupkg = nuget\LearningApi.1.3.1.nupkg
		nuget\NeoCortexApi.1.0.9.snupkg = nuget\NeoCortexApi.1.0.9.snupkg
		nuget\NeuralNet.MLPerceptron.1.2.2.nupkg = nuget\NeuralNet.MLPerceptron.1.2.2.nupkg
		nuget\NeuralNetworks.Core.1.2.1.nupkg = nuget\NeuralNetworks.Core.1.2.1.nupkg
	EndProjectSection
EndProject
Project("{9A19103F-16F7-4668-BE54-9A1E7A4F7556}") = "NeoCortexArrayLib", "NeoCortexArrayLib\NeoCortexArrayLib.csproj", "{A7F4E797-E60F-470E-96F6-B9ECD3A67451}"
EndProject
Project("{9A19103F-16F7-4668-BE54-9A1E7A4F7556}") = "NeoCortexEntities", "NeoCortexEntities\NeoCortexEntities.csproj", "{F2693439-77AF-420C-B42F-9FD5BBEC5482}"
EndProject
Project("{9A19103F-16F7-4668-BE54-9A1E7A4F7556}") = "WebSocketNeuroVisualizer", "WebSocketNeuroVisualizer\WebSocketNeuroVisualizer.csproj", "{414D1FFF-BA4B-49B0-B7B1-4AEDB2F7689D}"
EndProject
Project("{2150E333-8FDC-42A3-9474-1A3956D46DE8}") = "Documentation", "Documentation", "{D9879A38-CCF8-4440-B939-D066196AC775}"
	ProjectSection(SolutionItems) = preProject
		Documentation\ColumnActivity.md = Documentation\ColumnActivity.md
		Documentation\CortexLayer.md = Documentation\CortexLayer.md
		Documentation\Encoders.md = Documentation\Encoders.md
		Documentation\experiments.md = Documentation\experiments.md
		Documentation\SdrRepresentation.md = Documentation\SdrRepresentation.md
		Documentation\SpatialPooler.md = Documentation\SpatialPooler.md
		Documentation\TemporalMemory.md = Documentation\TemporalMemory.md
	EndProjectSection
EndProject
Project("{2150E333-8FDC-42A3-9474-1A3956D46DE8}") = "images", "images", "{4D9AD5E0-8F00-494E-8BEF-8041C003F4E6}"
EndProject
Project("{2150E333-8FDC-42A3-9474-1A3956D46DE8}") = "Samples", "Samples", "{99AE2313-7D07-4905-A0BB-52D304FCC2F7}"
EndProject
Project("{9A19103F-16F7-4668-BE54-9A1E7A4F7556}") = "NeoCortexApiSample", "Samples\NeoCortexApiSample\NeoCortexApiSample.csproj", "{15375C28-1424-4A29-B2AF-11ED92F6134C}"
EndProject
Project("{9A19103F-16F7-4668-BE54-9A1E7A4F7556}") = "NeoCortexApi.Parallel", "NeoCortexApi.Parallel\NeoCortexApi.Parallel.csproj", "{C9563A70-4511-4039-97F8-958A01C81CB6}"
EndProject
Project("{9A19103F-16F7-4668-BE54-9A1E7A4F7556}") = "HtmActorHost", "HtmActorHost\HtmActorHost.csproj", "{47B60F4A-2561-4C94-9E47-3D616B1D142E}"
EndProject
Project("{9A19103F-16F7-4668-BE54-9A1E7A4F7556}") = "NeoCortexApi.Experiments", "NeoCortexApi.Experiments\NeoCortexApi.Experiments.csproj", "{30218E1D-0F8B-4D22-8587-FF259BCA532A}"
EndProject
Project("{9A19103F-16F7-4668-BE54-9A1E7A4F7556}") = "SequenceLearningExperiment", "SequenceLearningExperiment\SequenceLearningExperiment.csproj", "{F0483F52-D2F5-4195-A1F5-C6A903EBB6AD}"
EndProject
Project("{9A19103F-16F7-4668-BE54-9A1E7A4F7556}") = "HtmImageEncoder", "ImageEncoder\HtmImageEncoder.csproj", "{18560247-0A1A-4B91-AE90-B8949B9EDDFA}"
EndProject
Project("{FAE04EC0-301F-11D3-BF4B-00C04F79EFBC}") = "GridCell", "GridCell\GridCell.csproj", "{F2046867-6B12-4D98-9AA7-E5F0009A1300}"
Project("{9A19103F-16F7-4668-BE54-9A1E7A4F7556}") = "NeoCortexApiPersistenceSample", "Samples\NeoCortexApiPersistenceSample\NeoCortexApiPersistenceSample.csproj", "{7B07D7B1-7437-4101-9B6D-DF2F0F78E73B}"
EndProject
Global
	GlobalSection(SolutionConfigurationPlatforms) = preSolution
		Debug|Any CPU = Debug|Any CPU
		Release|Any CPU = Release|Any CPU
	EndGlobalSection
	GlobalSection(ProjectConfigurationPlatforms) = postSolution
		{F5BEDB25-C6A3-4826-A8C6-679098F5CB9C}.Debug|Any CPU.ActiveCfg = Debug|Any CPU
		{F5BEDB25-C6A3-4826-A8C6-679098F5CB9C}.Debug|Any CPU.Build.0 = Debug|Any CPU
		{F5BEDB25-C6A3-4826-A8C6-679098F5CB9C}.Release|Any CPU.ActiveCfg = Release|Any CPU
		{F5BEDB25-C6A3-4826-A8C6-679098F5CB9C}.Release|Any CPU.Build.0 = Release|Any CPU
		{A2B0776F-3650-4CE5-98BC-E2B7A2205A23}.Debug|Any CPU.ActiveCfg = Debug|Any CPU
		{A2B0776F-3650-4CE5-98BC-E2B7A2205A23}.Debug|Any CPU.Build.0 = Debug|Any CPU
		{A2B0776F-3650-4CE5-98BC-E2B7A2205A23}.Release|Any CPU.ActiveCfg = Release|Any CPU
		{A2B0776F-3650-4CE5-98BC-E2B7A2205A23}.Release|Any CPU.Build.0 = Release|Any CPU
		{28395BF8-B719-4D93-806B-723A7AF0C56A}.Debug|Any CPU.ActiveCfg = Debug|Any CPU
		{28395BF8-B719-4D93-806B-723A7AF0C56A}.Debug|Any CPU.Build.0 = Debug|Any CPU
		{28395BF8-B719-4D93-806B-723A7AF0C56A}.Release|Any CPU.ActiveCfg = Release|Any CPU
		{28395BF8-B719-4D93-806B-723A7AF0C56A}.Release|Any CPU.Build.0 = Release|Any CPU
		{A7F4E797-E60F-470E-96F6-B9ECD3A67451}.Debug|Any CPU.ActiveCfg = Debug|Any CPU
		{A7F4E797-E60F-470E-96F6-B9ECD3A67451}.Debug|Any CPU.Build.0 = Debug|Any CPU
		{A7F4E797-E60F-470E-96F6-B9ECD3A67451}.Release|Any CPU.ActiveCfg = Release|Any CPU
		{A7F4E797-E60F-470E-96F6-B9ECD3A67451}.Release|Any CPU.Build.0 = Release|Any CPU
		{F2693439-77AF-420C-B42F-9FD5BBEC5482}.Debug|Any CPU.ActiveCfg = Debug|Any CPU
		{F2693439-77AF-420C-B42F-9FD5BBEC5482}.Debug|Any CPU.Build.0 = Debug|Any CPU
		{F2693439-77AF-420C-B42F-9FD5BBEC5482}.Release|Any CPU.ActiveCfg = Release|Any CPU
		{F2693439-77AF-420C-B42F-9FD5BBEC5482}.Release|Any CPU.Build.0 = Release|Any CPU
		{414D1FFF-BA4B-49B0-B7B1-4AEDB2F7689D}.Debug|Any CPU.ActiveCfg = Debug|Any CPU
		{414D1FFF-BA4B-49B0-B7B1-4AEDB2F7689D}.Debug|Any CPU.Build.0 = Debug|Any CPU
		{414D1FFF-BA4B-49B0-B7B1-4AEDB2F7689D}.Release|Any CPU.ActiveCfg = Release|Any CPU
		{414D1FFF-BA4B-49B0-B7B1-4AEDB2F7689D}.Release|Any CPU.Build.0 = Release|Any CPU
		{15375C28-1424-4A29-B2AF-11ED92F6134C}.Debug|Any CPU.ActiveCfg = Debug|Any CPU
		{15375C28-1424-4A29-B2AF-11ED92F6134C}.Debug|Any CPU.Build.0 = Debug|Any CPU
		{15375C28-1424-4A29-B2AF-11ED92F6134C}.Release|Any CPU.ActiveCfg = Release|Any CPU
		{15375C28-1424-4A29-B2AF-11ED92F6134C}.Release|Any CPU.Build.0 = Release|Any CPU
		{C9563A70-4511-4039-97F8-958A01C81CB6}.Debug|Any CPU.ActiveCfg = Debug|Any CPU
		{C9563A70-4511-4039-97F8-958A01C81CB6}.Debug|Any CPU.Build.0 = Debug|Any CPU
		{C9563A70-4511-4039-97F8-958A01C81CB6}.Release|Any CPU.ActiveCfg = Release|Any CPU
		{C9563A70-4511-4039-97F8-958A01C81CB6}.Release|Any CPU.Build.0 = Release|Any CPU
		{47B60F4A-2561-4C94-9E47-3D616B1D142E}.Debug|Any CPU.ActiveCfg = Debug|Any CPU
		{47B60F4A-2561-4C94-9E47-3D616B1D142E}.Debug|Any CPU.Build.0 = Debug|Any CPU
		{47B60F4A-2561-4C94-9E47-3D616B1D142E}.Release|Any CPU.ActiveCfg = Release|Any CPU
		{47B60F4A-2561-4C94-9E47-3D616B1D142E}.Release|Any CPU.Build.0 = Release|Any CPU
		{30218E1D-0F8B-4D22-8587-FF259BCA532A}.Debug|Any CPU.ActiveCfg = Debug|Any CPU
		{30218E1D-0F8B-4D22-8587-FF259BCA532A}.Debug|Any CPU.Build.0 = Debug|Any CPU
		{30218E1D-0F8B-4D22-8587-FF259BCA532A}.Release|Any CPU.ActiveCfg = Release|Any CPU
		{30218E1D-0F8B-4D22-8587-FF259BCA532A}.Release|Any CPU.Build.0 = Release|Any CPU
		{F0483F52-D2F5-4195-A1F5-C6A903EBB6AD}.Debug|Any CPU.ActiveCfg = Debug|Any CPU
		{F0483F52-D2F5-4195-A1F5-C6A903EBB6AD}.Debug|Any CPU.Build.0 = Debug|Any CPU
		{F0483F52-D2F5-4195-A1F5-C6A903EBB6AD}.Release|Any CPU.ActiveCfg = Release|Any CPU
		{F0483F52-D2F5-4195-A1F5-C6A903EBB6AD}.Release|Any CPU.Build.0 = Release|Any CPU
		{18560247-0A1A-4B91-AE90-B8949B9EDDFA}.Debug|Any CPU.ActiveCfg = Debug|Any CPU
		{18560247-0A1A-4B91-AE90-B8949B9EDDFA}.Debug|Any CPU.Build.0 = Debug|Any CPU
		{18560247-0A1A-4B91-AE90-B8949B9EDDFA}.Release|Any CPU.ActiveCfg = Release|Any CPU
		{18560247-0A1A-4B91-AE90-B8949B9EDDFA}.Release|Any CPU.Build.0 = Release|Any CPU
		{F2046867-6B12-4D98-9AA7-E5F0009A1300}.Debug|Any CPU.ActiveCfg = Debug|Any CPU
		{F2046867-6B12-4D98-9AA7-E5F0009A1300}.Debug|Any CPU.Build.0 = Debug|Any CPU
		{F2046867-6B12-4D98-9AA7-E5F0009A1300}.Release|Any CPU.ActiveCfg = Release|Any CPU
		{F2046867-6B12-4D98-9AA7-E5F0009A1300}.Release|Any CPU.Build.0 = Release|Any CPU
		{7B07D7B1-7437-4101-9B6D-DF2F0F78E73B}.Debug|Any CPU.ActiveCfg = Debug|Any CPU
		{7B07D7B1-7437-4101-9B6D-DF2F0F78E73B}.Debug|Any CPU.Build.0 = Debug|Any CPU
		{7B07D7B1-7437-4101-9B6D-DF2F0F78E73B}.Release|Any CPU.ActiveCfg = Release|Any CPU
		{7B07D7B1-7437-4101-9B6D-DF2F0F78E73B}.Release|Any CPU.Build.0 = Release|Any CPU
	EndGlobalSection
	GlobalSection(SolutionProperties) = preSolution
		HideSolutionNode = FALSE
	EndGlobalSection
	GlobalSection(NestedProjects) = preSolution
		{4D9AD5E0-8F00-494E-8BEF-8041C003F4E6} = {D9879A38-CCF8-4440-B939-D066196AC775}
		{15375C28-1424-4A29-B2AF-11ED92F6134C} = {99AE2313-7D07-4905-A0BB-52D304FCC2F7}
		{7B07D7B1-7437-4101-9B6D-DF2F0F78E73B} = {99AE2313-7D07-4905-A0BB-52D304FCC2F7}
	EndGlobalSection
	GlobalSection(ExtensibilityGlobals) = postSolution
		SolutionGuid = {71185BAD-1342-4836-BCDA-6EC97118F92D}
	EndGlobalSection
EndGlobal
